
Microsoft Visual Studio Solution File, Format Version 12.00
# Visual Studio 15
VisualStudioVersion = 15.0.28307.421
MinimumVisualStudioVersion = 10.0.40219.1
Project("{FAE04EC0-301F-11D3-BF4B-00C04F79EFBC}") = "UnitsConverter", "UnitsConverter\UnitsConverter.csproj", "{83DC9359-4F90-40DD-99ED-2C28B207E9BA}"
EndProject
Global
	GlobalSection(SolutionConfigurationPlatforms) = preSolution
		Debug|Any CPU = Debug|Any CPU
		Release|Any CPU = Release|Any CPU
	EndGlobalSection
	GlobalSection(ProjectConfigurationPlatforms) = postSolution
		{83DC9359-4F90-40DD-99ED-2C28B207E9BA}.Debug|Any CPU.ActiveCfg = Debug|Any CPU
		{83DC9359-4F90-40DD-99ED-2C28B207E9BA}.Debug|Any CPU.Build.0 = Debug|Any CPU
		{83DC9359-4F90-40DD-99ED-2C28B207E9BA}.Release|Any CPU.ActiveCfg = Release|Any CPU
		{83DC9359-4F90-40DD-99ED-2C28B207E9BA}.Release|Any CPU.Build.0 = Release|Any CPU
	EndGlobalSection
	GlobalSection(SolutionProperties) = preSolution
		HideSolutionNode = FALSE
	EndGlobalSection
	GlobalSection(ExtensibilityGlobals) = postSolution
		SolutionGuid = {E1A451DA-7BD5-4DB9-8EB6-7020F75A5F45}
	EndGlobalSection
EndGlobal
